
Microsoft Visual Studio Solution File, Format Version 11.00
# Visual Studio 2010
Project("{FAE04EC0-301F-11D3-BF4B-00C04F79EFBC}") = "GUI", "Assembly-CSharp-firstpass.csproj", "{F9AE50AC-6502-6CE3-7520-FC97B3F38718}"
EndProject
Project("{FAE04EC0-301F-11D3-BF4B-00C04F79EFBC}") = "GUI", "Assembly-CSharp.csproj", "{87AEBD12-D670-E6FA-A074-9D33369B9B5A}"
EndProject
Project("{FAE04EC0-301F-11D3-BF4B-00C04F79EFBC}") = "GUI", "Assembly-CSharp-Editor-firstpass.csproj", "{A76CD71A-2844-DC21-6AAD-9F89275F87C4}"
EndProject
Project("{FAE04EC0-301F-11D3-BF4B-00C04F79EFBC}") = "GUI", "Assembly-CSharp-Editor.csproj", "{BDE29605-90E9-B78F-5FD1-1C91D59E234D}"
EndProject
Global
	GlobalSection(SolutionConfigurationPlatforms) = preSolution
		Debug|Any CPU = Debug|Any CPU
		Release|Any CPU = Release|Any CPU
	EndGlobalSection
	GlobalSection(ProjectConfigurationPlatforms) = postSolution
		{F9AE50AC-6502-6CE3-7520-FC97B3F38718}.Debug|Any CPU.ActiveCfg = Debug|Any CPU
		{F9AE50AC-6502-6CE3-7520-FC97B3F38718}.Debug|Any CPU.Build.0 = Debug|Any CPU
		{F9AE50AC-6502-6CE3-7520-FC97B3F38718}.Release|Any CPU.ActiveCfg = Release|Any CPU
		{F9AE50AC-6502-6CE3-7520-FC97B3F38718}.Release|Any CPU.Build.0 = Release|Any CPU
		{87AEBD12-D670-E6FA-A074-9D33369B9B5A}.Debug|Any CPU.ActiveCfg = Debug|Any CPU
		{87AEBD12-D670-E6FA-A074-9D33369B9B5A}.Debug|Any CPU.Build.0 = Debug|Any CPU
		{87AEBD12-D670-E6FA-A074-9D33369B9B5A}.Release|Any CPU.ActiveCfg = Release|Any CPU
		{87AEBD12-D670-E6FA-A074-9D33369B9B5A}.Release|Any CPU.Build.0 = Release|Any CPU
		{A76CD71A-2844-DC21-6AAD-9F89275F87C4}.Debug|Any CPU.ActiveCfg = Debug|Any CPU
		{A76CD71A-2844-DC21-6AAD-9F89275F87C4}.Debug|Any CPU.Build.0 = Debug|Any CPU
		{A76CD71A-2844-DC21-6AAD-9F89275F87C4}.Release|Any CPU.ActiveCfg = Release|Any CPU
		{A76CD71A-2844-DC21-6AAD-9F89275F87C4}.Release|Any CPU.Build.0 = Release|Any CPU
		{BDE29605-90E9-B78F-5FD1-1C91D59E234D}.Debug|Any CPU.ActiveCfg = Debug|Any CPU
		{BDE29605-90E9-B78F-5FD1-1C91D59E234D}.Debug|Any CPU.Build.0 = Debug|Any CPU
		{BDE29605-90E9-B78F-5FD1-1C91D59E234D}.Release|Any CPU.ActiveCfg = Release|Any CPU
		{BDE29605-90E9-B78F-5FD1-1C91D59E234D}.Release|Any CPU.Build.0 = Release|Any CPU
	EndGlobalSection
	GlobalSection(SolutionProperties) = preSolution
		HideSolutionNode = FALSE
	EndGlobalSection
	GlobalSection(MonoDevelopProperties) = preSolution
		StartupItem = Assembly-CSharp.csproj
	EndGlobalSection
EndGlobal
